
Microsoft Visual Studio Solution File, Format Version 12.00
# Visual Studio 2012
Project("{FAE04EC0-301F-11D3-BF4B-00C04F79EFBC}") = "FirstASPApplication", "FirstASPApplication\FirstASPApplication.csproj", "{18DC199A-9600-4332-8DCE-403B9822078F}"
EndProject
Global
	GlobalSection(SolutionConfigurationPlatforms) = preSolution
		Debug|Any CPU = Debug|Any CPU
		Release|Any CPU = Release|Any CPU
	EndGlobalSection
	GlobalSection(ProjectConfigurationPlatforms) = postSolution
		{18DC199A-9600-4332-8DCE-403B9822078F}.Debug|Any CPU.ActiveCfg = Debug|Any CPU
		{18DC199A-9600-4332-8DCE-403B9822078F}.Debug|Any CPU.Build.0 = Debug|Any CPU
		{18DC199A-9600-4332-8DCE-403B9822078F}.Release|Any CPU.ActiveCfg = Release|Any CPU
		{18DC199A-9600-4332-8DCE-403B9822078F}.Release|Any CPU.Build.0 = Release|Any CPU
	EndGlobalSection
EndGlobal
